// !$*UTF8*$!
{
	archiveVersion = 1;
	classes = {
	};
	objectVersion = 46;
	objects = {

/* Begin PBXBuildFile section */
		ED11AEBA1DC081C700D5B675 /* FriendDetails.m in Sources */ = {isa = PBXBuildFile; fileRef = ED11AEB91DC081C700D5B675 /* FriendDetails.m */; };
		ED51F7601DBF3C84002F8071 /* FriendsList.m in Sources */ = {isa = PBXBuildFile; fileRef = ED51F75F1DBF3C84002F8071 /* FriendsList.m */; };
		ED51F7631DBF3FCB002F8071 /* LoginClass.m in Sources */ = {isa = PBXBuildFile; fileRef = ED51F7621DBF3FCB002F8071 /* LoginClass.m */; };
		EDD8389B1DC10448003FBDBA /* FriendSegue.m in Sources */ = {isa = PBXBuildFile; fileRef = EDD8389A1DC10448003FBDBA /* FriendSegue.m */; };
		EDDB8C6B1DBE51BB0061D8FB /* main.m in Sources */ = {isa = PBXBuildFile; fileRef = EDDB8C6A1DBE51BB0061D8FB /* main.m */; };
		EDDB8C6E1DBE51BB0061D8FB /* AppDelegate.m in Sources */ = {isa = PBXBuildFile; fileRef = EDDB8C6D1DBE51BB0061D8FB /* AppDelegate.m */; };
		EDDB8C711DBE51BB0061D8FB /* ViewController.m in Sources */ = {isa = PBXBuildFile; fileRef = EDDB8C701DBE51BB0061D8FB /* ViewController.m */; };
		EDDB8C741DBE51BB0061D8FB /* Main.storyboard in Resources */ = {isa = PBXBuildFile; fileRef = EDDB8C721DBE51BB0061D8FB /* Main.storyboard */; };
		EDDB8C761DBE51BB0061D8FB /* Assets.xcassets in Resources */ = {isa = PBXBuildFile; fileRef = EDDB8C751DBE51BB0061D8FB /* Assets.xcassets */; };
		EDDB8C791DBE51BB0061D8FB /* LaunchScreen.storyboard in Resources */ = {isa = PBXBuildFile; fileRef = EDDB8C771DBE51BB0061D8FB /* LaunchScreen.storyboard */; };
		EDDB8C841DBE51BB0061D8FB /* ChatAppTests.m in Sources */ = {isa = PBXBuildFile; fileRef = EDDB8C831DBE51BB0061D8FB /* ChatAppTests.m */; };
		EDF81B7D1DBFA908006F0FBD /* FriendsCell.m in Sources */ = {isa = PBXBuildFile; fileRef = EDF81B7C1DBFA908006F0FBD /* FriendsCell.m */; };
/* End PBXBuildFile section */

/* Begin PBXContainerItemProxy section */
		EDDB8C801DBE51BB0061D8FB /* PBXContainerItemProxy */ = {
			isa = PBXContainerItemProxy;
			containerPortal = EDDB8C5E1DBE51BB0061D8FB /* Project object */;
			proxyType = 1;
			remoteGlobalIDString = EDDB8C651DBE51BB0061D8FB;
			remoteInfo = ChatApp;
		};
/* End PBXContainerItemProxy section */

/* Begin PBXFileReference section */
		ED11AEB81DC081C700D5B675 /* FriendDetails.h */ = {isa = PBXFileReference; fileEncoding = 4; lastKnownFileType = sourcecode.c.h; path = FriendDetails.h; sourceTree = "<group>"; };
		ED11AEB91DC081C700D5B675 /* FriendDetails.m */ = {isa = PBXFileReference; fileEncoding = 4; lastKnownFileType = sourcecode.c.objc; path = FriendDetails.m; sourceTree = "<group>"; };
		ED51F75E1DBF3C84002F8071 /* FriendsList.h */ = {isa = PBXFileReference; fileEncoding = 4; lastKnownFileType = sourcecode.c.h; path = FriendsList.h; sourceTree = "<group>"; };
		ED51F75F1DBF3C84002F8071 /* FriendsList.m */ = {isa = PBXFileReference; fileEncoding = 4; lastKnownFileType = sourcecode.c.objc; path = FriendsList.m; sourceTree = "<group>"; };
		ED51F7611DBF3FCB002F8071 /* LoginClass.h */ = {isa = PBXFileReference; fileEncoding = 4; lastKnownFileType = sourcecode.c.h; path = LoginClass.h; sourceTree = "<group>"; };
		ED51F7621DBF3FCB002F8071 /* LoginClass.m */ = {isa = PBXFileReference; fileEncoding = 4; lastKnownFileType = sourcecode.c.objc; path = LoginClass.m; sourceTree = "<group>"; };
		EDD838991DC10448003FBDBA /* FriendSegue.h */ = {isa = PBXFileReference; fileEncoding = 4; lastKnownFileType = sourcecode.c.h; path = FriendSegue.h; sourceTree = "<group>"; };
		EDD8389A1DC10448003FBDBA /* FriendSegue.m */ = {isa = PBXFileReference; fileEncoding = 4; lastKnownFileType = sourcecode.c.objc; path = FriendSegue.m; sourceTree = "<group>"; };
		EDDB8C661DBE51BB0061D8FB /* ChatApp.app */ = {isa = PBXFileReference; explicitFileType = wrapper.application; includeInIndex = 0; path = ChatApp.app; sourceTree = BUILT_PRODUCTS_DIR; };
		EDDB8C6A1DBE51BB0061D8FB /* main.m */ = {isa = PBXFileReference; lastKnownFileType = sourcecode.c.objc; path = main.m; sourceTree = "<group>"; };
		EDDB8C6C1DBE51BB0061D8FB /* AppDelegate.h */ = {isa = PBXFileReference; lastKnownFileType = sourcecode.c.h; path = AppDelegate.h; sourceTree = "<group>"; };
		EDDB8C6D1DBE51BB0061D8FB /* AppDelegate.m */ = {isa = PBXFileReference; lastKnownFileType = sourcecode.c.objc; path = AppDelegate.m; sourceTree = "<group>"; };
		EDDB8C6F1DBE51BB0061D8FB /* ViewController.h */ = {isa = PBXFileReference; lastKnownFileType = sourcecode.c.h; path = ViewController.h; sourceTree = "<group>"; };
		EDDB8C701DBE51BB0061D8FB /* ViewController.m */ = {isa = PBXFileReference; lastKnownFileType = sourcecode.c.objc; path = ViewController.m; sourceTree = "<group>"; };
		EDDB8C731DBE51BB0061D8FB /* Base */ = {isa = PBXFileReference; lastKnownFileType = file.storyboard; name = Base; path = Base.lproj/Main.storyboard; sourceTree = "<group>"; };
		EDDB8C751DBE51BB0061D8FB /* Assets.xcassets */ = {isa = PBXFileReference; lastKnownFileType = folder.assetcatalog; path = Assets.xcassets; sourceTree = "<group>"; };
		EDDB8C781DBE51BB0061D8FB /* Base */ = {isa = PBXFileReference; lastKnownFileType = file.storyboard; name = Base; path = Base.lproj/LaunchScreen.storyboard; sourceTree = "<group>"; };
		EDDB8C7A1DBE51BB0061D8FB /* Info.plist */ = {isa = PBXFileReference; lastKnownFileType = text.plist.xml; path = Info.plist; sourceTree = "<group>"; };
		EDDB8C7F1DBE51BB0061D8FB /* ChatAppTests.xctest */ = {isa = PBXFileReference; explicitFileType = wrapper.cfbundle; includeInIndex = 0; path = ChatAppTests.xctest; sourceTree = BUILT_PRODUCTS_DIR; };
		EDDB8C831DBE51BB0061D8FB /* ChatAppTests.m */ = {isa = PBXFileReference; lastKnownFileType = sourcecode.c.objc; path = ChatAppTests.m; sourceTree = "<group>"; };
		EDDB8C851DBE51BB0061D8FB /* Info.plist */ = {isa = PBXFileReference; lastKnownFileType = text.plist.xml; path = Info.plist; sourceTree = "<group>"; };
		EDF81B7B1DBFA908006F0FBD /* FriendsCell.h */ = {isa = PBXFileReference; fileEncoding = 4; lastKnownFileType = sourcecode.c.h; path = FriendsCell.h; sourceTree = "<group>"; };
		EDF81B7C1DBFA908006F0FBD /* FriendsCell.m */ = {isa = PBXFileReference; fileEncoding = 4; lastKnownFileType = sourcecode.c.objc; path = FriendsCell.m; sourceTree = "<group>"; };
/* End PBXFileReference section */

/* Begin PBXFrameworksBuildPhase section */
		EDDB8C631DBE51BB0061D8FB /* Frameworks */ = {
			isa = PBXFrameworksBuildPhase;
			buildActionMask = 2147483647;
			files = (
			);
			runOnlyForDeploymentPostprocessing = 0;
		};
		EDDB8C7C1DBE51BB0061D8FB /* Frameworks */ = {
			isa = PBXFrameworksBuildPhase;
			buildActionMask = 2147483647;
			files = (
			);
			runOnlyForDeploymentPostprocessing = 0;
		};
/* End PBXFrameworksBuildPhase section */

/* Begin PBXGroup section */
		EDDB8C5D1DBE51BB0061D8FB = {
			isa = PBXGroup;
			children = (
				EDDB8C681DBE51BB0061D8FB /* ChatApp */,
				EDDB8C821DBE51BB0061D8FB /* ChatAppTests */,
				EDDB8C671DBE51BB0061D8FB /* Products */,
			);
			sourceTree = "<group>";
		};
		EDDB8C671DBE51BB0061D8FB /* Products */ = {
			isa = PBXGroup;
			children = (
				EDDB8C661DBE51BB0061D8FB /* ChatApp.app */,
				EDDB8C7F1DBE51BB0061D8FB /* ChatAppTests.xctest */,
			);
			name = Products;
			sourceTree = "<group>";
		};
		EDDB8C681DBE51BB0061D8FB /* ChatApp */ = {
			isa = PBXGroup;
			children = (
				EDDB8C6C1DBE51BB0061D8FB /* AppDelegate.h */,
				EDDB8C6D1DBE51BB0061D8FB /* AppDelegate.m */,
				EDDB8C6F1DBE51BB0061D8FB /* ViewController.h */,
				EDDB8C701DBE51BB0061D8FB /* ViewController.m */,
				EDDB8C721DBE51BB0061D8FB /* Main.storyboard */,
				EDDB8C751DBE51BB0061D8FB /* Assets.xcassets */,
				EDDB8C771DBE51BB0061D8FB /* LaunchScreen.storyboard */,
				EDDB8C7A1DBE51BB0061D8FB /* Info.plist */,
				EDDB8C691DBE51BB0061D8FB /* Supporting Files */,
				ED51F75E1DBF3C84002F8071 /* FriendsList.h */,
				ED51F75F1DBF3C84002F8071 /* FriendsList.m */,
				ED51F7611DBF3FCB002F8071 /* LoginClass.h */,
				ED51F7621DBF3FCB002F8071 /* LoginClass.m */,
				EDF81B7B1DBFA908006F0FBD /* FriendsCell.h */,
				EDF81B7C1DBFA908006F0FBD /* FriendsCell.m */,
				ED11AEB81DC081C700D5B675 /* FriendDetails.h */,
				ED11AEB91DC081C700D5B675 /* FriendDetails.m */,
				EDD838991DC10448003FBDBA /* FriendSegue.h */,
				EDD8389A1DC10448003FBDBA /* FriendSegue.m */,
			);
			path = ChatApp;
			sourceTree = "<group>";
		};
		EDDB8C691DBE51BB0061D8FB /* Supporting Files */ = {
			isa = PBXGroup;
			children = (
				EDDB8C6A1DBE51BB0061D8FB /* main.m */,
			);
			name = "Supporting Files";
			sourceTree = "<group>";
		};
		EDDB8C821DBE51BB0061D8FB /* ChatAppTests */ = {
			isa = PBXGroup;
			children = (
				EDDB8C831DBE51BB0061D8FB /* ChatAppTests.m */,
				EDDB8C851DBE51BB0061D8FB /* Info.plist */,
			);
			path = ChatAppTests;
			sourceTree = "<group>";
		};
/* End PBXGroup section */

/* Begin PBXNativeTarget section */
		EDDB8C651DBE51BB0061D8FB /* ChatApp */ = {
			isa = PBXNativeTarget;
			buildConfigurationList = EDDB8C881DBE51BB0061D8FB /* Build configuration list for PBXNativeTarget "ChatApp" */;
			buildPhases = (
				EDDB8C621DBE51BB0061D8FB /* Sources */,
				EDDB8C631DBE51BB0061D8FB /* Frameworks */,
				EDDB8C641DBE51BB0061D8FB /* Resources */,
			);
			buildRules = (
			);
			dependencies = (
			);
			name = ChatApp;
			productName = ChatApp;
			productReference = EDDB8C661DBE51BB0061D8FB /* ChatApp.app */;
			productType = "com.apple.product-type.application";
		};
		EDDB8C7E1DBE51BB0061D8FB /* ChatAppTests */ = {
			isa = PBXNativeTarget;
			buildConfigurationList = EDDB8C8B1DBE51BB0061D8FB /* Build configuration list for PBXNativeTarget "ChatAppTests" */;
			buildPhases = (
				EDDB8C7B1DBE51BB0061D8FB /* Sources */,
				EDDB8C7C1DBE51BB0061D8FB /* Frameworks */,
				EDDB8C7D1DBE51BB0061D8FB /* Resources */,
			);
			buildRules = (
			);
			dependencies = (
				EDDB8C811DBE51BB0061D8FB /* PBXTargetDependency */,
			);
			name = ChatAppTests;
			productName = ChatAppTests;
			productReference = EDDB8C7F1DBE51BB0061D8FB /* ChatAppTests.xctest */;
			productType = "com.apple.product-type.bundle.unit-test";
		};
/* End PBXNativeTarget section */

/* Begin PBXProject section */
		EDDB8C5E1DBE51BB0061D8FB /* Project object */ = {
			isa = PBXProject;
			attributes = {
				LastUpgradeCheck = 0730;
				ORGANIZATIONNAME = DVT;
				TargetAttributes = {
					EDDB8C651DBE51BB0061D8FB = {
						CreatedOnToolsVersion = 7.3.1;
					};
					EDDB8C7E1DBE51BB0061D8FB = {
						CreatedOnToolsVersion = 7.3.1;
						TestTargetID = EDDB8C651DBE51BB0061D8FB;
					};
				};
			};
			buildConfigurationList = EDDB8C611DBE51BB0061D8FB /* Build configuration list for PBXProject "ChatApp" */;
			compatibilityVersion = "Xcode 3.2";
			developmentRegion = English;
			hasScannedForEncodings = 0;
			knownRegions = (
				en,
				Base,
			);
			mainGroup = EDDB8C5D1DBE51BB0061D8FB;
			productRefGroup = EDDB8C671DBE51BB0061D8FB /* Products */;
			projectDirPath = "";
			projectRoot = "";
			targets = (
				EDDB8C651DBE51BB0061D8FB /* ChatApp */,
				EDDB8C7E1DBE51BB0061D8FB /* ChatAppTests */,
			);
		};
/* End PBXProject section */

/* Begin PBXResourcesBuildPhase section */
		EDDB8C641DBE51BB0061D8FB /* Resources */ = {
			isa = PBXResourcesBuildPhase;
			buildActionMask = 2147483647;
			files = (
				EDDB8C791DBE51BB0061D8FB /* LaunchScreen.storyboard in Resources */,
				EDDB8C761DBE51BB0061D8FB /* Assets.xcassets in Resources */,
				EDDB8C741DBE51BB0061D8FB /* Main.storyboard in Resources */,
			);
			runOnlyForDeploymentPostprocessing = 0;
		};
		EDDB8C7D1DBE51BB0061D8FB /* Resources */ = {
			isa = PBXResourcesBuildPhase;
			buildActionMask = 2147483647;
			files = (
			);
			runOnlyForDeploymentPostprocessing = 0;
		};
/* End PBXResourcesBuildPhase section */

/* Begin PBXSourcesBuildPhase section */
		EDDB8C621DBE51BB0061D8FB /* Sources */ = {
			isa = PBXSourcesBuildPhase;
			buildActionMask = 2147483647;
			files = (
				EDDB8C711DBE51BB0061D8FB /* ViewController.m in Sources */,
				EDD8389B1DC10448003FBDBA /* FriendSegue.m in Sources */,
				EDF81B7D1DBFA908006F0FBD /* FriendsCell.m in Sources */,
				EDDB8C6E1DBE51BB0061D8FB /* AppDelegate.m in Sources */,
				EDDB8C6B1DBE51BB0061D8FB /* main.m in Sources */,
				ED51F7601DBF3C84002F8071 /* FriendsList.m in Sources */,
				ED11AEBA1DC081C700D5B675 /* FriendDetails.m in Sources */,
				ED51F7631DBF3FCB002F8071 /* LoginClass.m in Sources */,
			);
			runOnlyForDeploymentPostprocessing = 0;
		};
		EDDB8C7B1DBE51BB0061D8FB /* Sources */ = {
			isa = PBXSourcesBuildPhase;
			buildActionMask = 2147483647;
			files = (
				EDDB8C841DBE51BB0061D8FB /* ChatAppTests.m in Sources */,
			);
			runOnlyForDeploymentPostprocessing = 0;
		};
/* End PBXSourcesBuildPhase section */

/* Begin PBXTargetDependency section */
		EDDB8C811DBE51BB0061D8FB /* PBXTargetDependency */ = {
			isa = PBXTargetDependency;
			target = EDDB8C651DBE51BB0061D8FB /* ChatApp */;
			targetProxy = EDDB8C801DBE51BB0061D8FB /* PBXContainerItemProxy */;
		};
/* End PBXTargetDependency section */

/* Begin PBXVariantGroup section */
		EDDB8C721DBE51BB0061D8FB /* Main.storyboard */ = {
			isa = PBXVariantGroup;
			children = (
				EDDB8C731DBE51BB0061D8FB /* Base */,
			);
			name = Main.storyboard;
			sourceTree = "<group>";
		};
		EDDB8C771DBE51BB0061D8FB /* LaunchScreen.storyboard */ = {
			isa = PBXVariantGroup;
			children = (
				EDDB8C781DBE51BB0061D8FB /* Base */,
			);
			name = LaunchScreen.storyboard;
			sourceTree = "<group>";
		};
/* End PBXVariantGroup section */

/* Begin XCBuildConfiguration section */
		EDDB8C861DBE51BB0061D8FB /* Debug */ = {
			isa = XCBuildConfiguration;
			buildSettings = {
				ALWAYS_SEARCH_USER_PATHS = NO;
				CLANG_ANALYZER_NONNULL = YES;
				CLANG_CXX_LANGUAGE_STANDARD = "gnu++0x";
				CLANG_CXX_LIBRARY = "libc++";
				CLANG_ENABLE_MODULES = YES;
				CLANG_ENABLE_OBJC_ARC = YES;
				CLANG_WARN_BOOL_CONVERSION = YES;
				CLANG_WARN_CONSTANT_CONVERSION = YES;
				CLANG_WARN_DIRECT_OBJC_ISA_USAGE = YES_ERROR;
				CLANG_WARN_EMPTY_BODY = YES;
				CLANG_WARN_ENUM_CONVERSION = YES;
				CLANG_WARN_INT_CONVERSION = YES;
				CLANG_WARN_OBJC_ROOT_CLASS = YES_ERROR;
				CLANG_WARN_UNREACHABLE_CODE = YES;
				CLANG_WARN__DUPLICATE_METHOD_MATCH = YES;
				"CODE_SIGN_IDENTITY[sdk=iphoneos*]" = "iPhone Developer";
				COPY_PHASE_STRIP = NO;
				DEBUG_INFORMATION_FORMAT = dwarf;
				ENABLE_STRICT_OBJC_MSGSEND = YES;
				ENABLE_TESTABILITY = YES;
				GCC_C_LANGUAGE_STANDARD = gnu99;
				GCC_DYNAMIC_NO_PIC = NO;
				GCC_NO_COMMON_BLOCKS = YES;
				GCC_OPTIMIZATION_LEVEL = 0;
				GCC_PREPROCESSOR_DEFINITIONS = (
					"DEBUG=1",
					"$(inherited)",
				);
				GCC_WARN_64_TO_32_BIT_CONVERSION = YES;
				GCC_WARN_ABOUT_RETURN_TYPE = YES_ERROR;
				GCC_WARN_UNDECLARED_SELECTOR = YES;
				GCC_WARN_UNINITIALIZED_AUTOS = YES_AGGRESSIVE;
				GCC_WARN_UNUSED_FUNCTION = YES;
				GCC_WARN_UNUSED_VARIABLE = YES;
				IPHONEOS_DEPLOYMENT_TARGET = 9.3;
				MTL_ENABLE_DEBUG_INFO = YES;
				ONLY_ACTIVE_ARCH = YES;
				SDKROOT = iphoneos;
			};
			name = Debug;
		};
		EDDB8C871DBE51BB0061D8FB /* Release */ = {
			isa = XCBuildConfiguration;
			buildSettings = {
				ALWAYS_SEARCH_USER_PATHS = NO;
				CLANG_ANALYZER_NONNULL = YES;
				CLANG_CXX_LANGUAGE_STANDARD = "gnu++0x";
				CLANG_CXX_LIBRARY = "libc++";
				CLANG_ENABLE_MODULES = YES;
				CLANG_ENABLE_OBJC_ARC = YES;
				CLANG_WARN_BOOL_CONVERSION = YES;
				CLANG_WARN_CONSTANT_CONVERSION = YES;
				CLANG_WARN_DIRECT_OBJC_ISA_USAGE = YES_ERROR;
				CLANG_WARN_EMPTY_BODY = YES;
				CLANG_WARN_ENUM_CONVERSION = YES;
				CLANG_WARN_INT_CONVERSION = YES;
				CLANG_WARN_OBJC_ROOT_CLASS = YES_ERROR;
				CLANG_WARN_UNREACHABLE_CODE = YES;
				CLANG_WARN__DUPLICATE_METHOD_MATCH = YES;
				"CODE_SIGN_IDENTITY[sdk=iphoneos*]" = "iPhone Developer";
				COPY_PHASE_STRIP = NO;
				DEBUG_INFORMATION_FORMAT = "dwarf-with-dsym";
				ENABLE_NS_ASSERTIONS = NO;
				ENABLE_STRICT_OBJC_MSGSEND = YES;
				GCC_C_LANGUAGE_STANDARD = gnu99;
				GCC_NO_COMMON_BLOCKS = YES;
				GCC_WARN_64_TO_32_BIT_CONVERSION = YES;
				GCC_WARN_ABOUT_RETURN_TYPE = YES_ERROR;
				GCC_WARN_UNDECLARED_SELECTOR = YES;
				GCC_WARN_UNINITIALIZED_AUTOS = YES_AGGRESSIVE;
				GCC_WARN_UNUSED_FUNCTION = YES;
				GCC_WARN_UNUSED_VARIABLE = YES;
				IPHONEOS_DEPLOYMENT_TARGET = 9.3;
				MTL_ENABLE_DEBUG_INFO = NO;
				SDKROOT = iphoneos;
				VALIDATE_PRODUCT = YES;
			};
			name = Release;
		};
		EDDB8C891DBE51BB0061D8FB /* Debug */ = {
			isa = XCBuildConfiguration;
			buildSettings = {
				ASSETCATALOG_COMPILER_APPICON_NAME = AppIcon;
				INFOPLIST_FILE = ChatApp/Info.plist;
				LD_RUNPATH_SEARCH_PATHS = "$(inherited) @executable_path/Frameworks";
				PRODUCT_BUNDLE_IDENTIFIER = com.jhb.dvt.ChatApp;
				PRODUCT_NAME = "$(TARGET_NAME)";
			};
			name = Debug;
		};
		EDDB8C8A1DBE51BB0061D8FB /* Release */ = {
			isa = XCBuildConfiguration;
			buildSettings = {
				ASSETCATALOG_COMPILER_APPICON_NAME = AppIcon;
				INFOPLIST_FILE = ChatApp/Info.plist;
				LD_RUNPATH_SEARCH_PATHS = "$(inherited) @executable_path/Frameworks";
				PRODUCT_BUNDLE_IDENTIFIER = com.jhb.dvt.ChatApp;
				PRODUCT_NAME = "$(TARGET_NAME)";
			};
			name = Release;
		};
		EDDB8C8C1DBE51BB0061D8FB /* Debug */ = {
			isa = XCBuildConfiguration;
			buildSettings = {
				BUNDLE_LOADER = "$(TEST_HOST)";
				INFOPLIST_FILE = ChatAppTests/Info.plist;
				LD_RUNPATH_SEARCH_PATHS = "$(inherited) @executable_path/Frameworks @loader_path/Frameworks";
				PRODUCT_BUNDLE_IDENTIFIER = com.jhb.dvt.ChatAppTests;
				PRODUCT_NAME = "$(TARGET_NAME)";
				TEST_HOST = "$(BUILT_PRODUCTS_DIR)/ChatApp.app/ChatApp";
			};
			name = Debug;
		};
		EDDB8C8D1DBE51BB0061D8FB /* Release */ = {
			isa = XCBuildConfiguration;
			buildSettings = {
				BUNDLE_LOADER = "$(TEST_HOST)";
				INFOPLIST_FILE = ChatAppTests/Info.plist;
				LD_RUNPATH_SEARCH_PATHS = "$(inherited) @executable_path/Frameworks @loader_path/Frameworks";
				PRODUCT_BUNDLE_IDENTIFIER = com.jhb.dvt.ChatAppTests;
				PRODUCT_NAME = "$(TARGET_NAME)";
				TEST_HOST = "$(BUILT_PRODUCTS_DIR)/ChatApp.app/ChatApp";
			};
			name = Release;
		};
/* End XCBuildConfiguration section */

/* Begin XCConfigurationList section */
		EDDB8C611DBE51BB0061D8FB /* Build configuration list for PBXProject "ChatApp" */ = {
			isa = XCConfigurationList;
			buildConfigurations = (
				EDDB8C861DBE51BB0061D8FB /* Debug */,
				EDDB8C871DBE51BB0061D8FB /* Release */,
			);
			defaultConfigurationIsVisible = 0;
			defaultConfigurationName = Release;
		};
		EDDB8C881DBE51BB0061D8FB /* Build configuration list for PBXNativeTarget "ChatApp" */ = {
			isa = XCConfigurationList;
			buildConfigurations = (
				EDDB8C891DBE51BB0061D8FB /* Debug */,
				EDDB8C8A1DBE51BB0061D8FB /* Release */,
			);
			defaultConfigurationIsVisible = 0;
			defaultConfigurationName = Release;
		};
		EDDB8C8B1DBE51BB0061D8FB /* Build configuration list for PBXNativeTarget "ChatAppTests" */ = {
			isa = XCConfigurationList;
			buildConfigurations = (
				EDDB8C8C1DBE51BB0061D8FB /* Debug */,
				EDDB8C8D1DBE51BB0061D8FB /* Release */,
			);
			defaultConfigurationIsVisible = 0;
			defaultConfigurationName = Release;
		};
/* End XCConfigurationList section */
	};
	rootObject = EDDB8C5E1DBE51BB0061D8FB /* Project object */;
}
